# THIS IS AN AUTOGENERATED FILE. DO NOT EDIT THIS FILE DIRECTLY.
# yarn lockfile v1


asn1@^0.2.4:
  version "0.2.6"
  resolved "https://registry.yarnpkg.com/asn1/-/asn1-0.2.6.tgz#0d3a7bb6e64e02a90c0303b31f292868ea09a08d"
  integrity sha512-ix/FxPn0MDjeyJ7i/yoHGFt/EX6LyNbxSEhPPXODPL+KB0VPk86UYfL0lMdy+KCnv+fmvIzySwaK5COwqVbWTQ==
  dependencies:
    safer-buffer "~2.1.0"

jks-js@^1.0.2:
  version "1.0.2"
  resolved "https://registry.yarnpkg.com/jks-js/-/jks-js-1.0.2.tgz#b1a1b74953c017d703d53e9da51d257dcf360535"
  integrity sha512-OTJ+BKJTUHbnytW4X/py22Adhm9eJdBXzsqFthecsvuup7BnxVv82UEPG6bEr+0A/ZcLtf0F/B5klDOV6ewzjg==
  dependencies:
    node-forge "^1.2.1"
    node-int64 "^0.4.0"
    node-rsa "^1.0.7"

kafkajs@^2.1.0:
  version "2.1.0"
  resolved "https://registry.yarnpkg.com/kafkajs/-/kafkajs-2.1.0.tgz#32ede4e8080cc75586c5e4406eeb582fa73f7b1e"
  integrity sha512-6IYiOdGWvFPbSbVB+AV3feT+A7vzw5sXm7Ze4QTfP7FRNdY8pGcpiNPvD2lfgYFD8Dm9KbMgBgTt2mf8KaIkzw==

node-forge@^1.2.1:
  version "1.3.1"
  resolved "https://registry.yarnpkg.com/node-forge/-/node-forge-1.3.1.tgz#be8da2af243b2417d5f646a770663a92b7e9ded3"
  integrity sha512-dPEtOeMvF9VMcYV/1Wb8CPoVAXtp6MKMlcbAt4ddqmGqUJ6fQZFXkNZNkNlfevtNkGtaSoXf/vNNNSvgrdXwtA==

node-int64@^0.4.0:
  version "0.4.0"
  resolved "https://registry.yarnpkg.com/node-int64/-/node-int64-0.4.0.tgz#87a9065cdb355d3182d8f94ce11188b825c68a3b"
  integrity sha512-O5lz91xSOeoXP6DulyHfllpq+Eg00MWitZIbtPfoSEvqIHdl5gfcY6hYzDWnj0qD5tz52PI08u9qUvSVeUBeHw==

node-rsa@^1.0.7:
  version "1.1.1"
  resolved "https://registry.yarnpkg.com/node-rsa/-/node-rsa-1.1.1.tgz#efd9ad382097782f506153398496f79e4464434d"
  integrity sha512-Jd4cvbJMryN21r5HgxQOpMEqv+ooke/korixNNK3mGqfGJmy0M77WDDzo/05969+OkMy3XW1UuZsSmW9KQm7Fw==
  dependencies:
    asn1 "^0.2.4"

safer-buffer@~2.1.0:
  version "2.1.2"
  resolved "https://registry.yarnpkg.com/safer-buffer/-/safer-buffer-2.1.2.tgz#44fa161b0187b9549dd84bb91802f9bd8385cd6a"
  integrity sha512-YZo3K82SD7Riyi0E1EQPojLz7kpepnSQI9IyPbHHg1XXXevb5dJI7tpyN2ADxGcQbHG7vcyRHk0cbwqcQriUtg==
